{
  "projects": [
    {
      "projectId": "58GpZjZCWTaJ8AUhpCwt2K",
      "version": "3.4.0",
      "dependencies": {},
      "lang": "ts",
      "fileLocks": [
        {
          "assetId": "58GpZjZCWTaJ8AUhpCwt2K",
          "type": "projectCss",
          "checksum": "203eab818de16ff03ef7f22934a9c9f1"
        }
      ],
      "codegenVersion": "0.0.1"
    },
    {
      "projectId": "f1ne6MHavnkqSCsUCdyQTF",
      "version": "latest",
      "dependencies": {
        "58GpZjZCWTaJ8AUhpCwt2K": "3.19.0"
      },
      "lang": "ts",
      "fileLocks": [
        {
          "type": "globalVariant",
          "assetId": "ucUMRK61TLu2R",
          "checksum": "d9a96426310140d1e82c3f8ac1a80c98"
        },
        {
          "type": "renderModule",
          "assetId": "FCBtZ9zyJc7r",
          "checksum": "763d881088d32509fdde30b985c0307b"
        },
        {
          "type": "cssRules",
          "assetId": "FCBtZ9zyJc7r",
          "checksum": "763d881088d32509fdde30b985c0307b"
        },
        {
          "type": "renderModule",
          "assetId": "9iKKdEBBrUEl-",
          "checksum": "199ed2a6edf961b06c31e0b8dcc607bd"
        },
        {
          "type": "cssRules",
          "assetId": "9iKKdEBBrUEl-",
          "checksum": "199ed2a6edf961b06c31e0b8dcc607bd"
        },
        {
          "type": "renderModule",
          "assetId": "818xGXbf8YPnY",
          "checksum": "00e73c0230b6ddd9d6e2ee81f022f7ef"
        },
        {
          "type": "cssRules",
          "assetId": "818xGXbf8YPnY",
          "checksum": "00e73c0230b6ddd9d6e2ee81f022f7ef"
        },
        {
          "type": "renderModule",
          "assetId": "gQkvUEZjQIStN",
          "checksum": "6e9621ddb0c42fc7fba77bce6f8ce4cd"
        },
        {
          "type": "cssRules",
          "assetId": "gQkvUEZjQIStN",
          "checksum": "6e9621ddb0c42fc7fba77bce6f8ce4cd"
        },
        {
          "type": "renderModule",
          "assetId": "mQ6uqbazsYsZ4",
          "checksum": "c6a199e061251c7bd1966b391310b785"
        },
        {
          "type": "cssRules",
          "assetId": "mQ6uqbazsYsZ4",
          "checksum": "c6a199e061251c7bd1966b391310b785"
        },
        {
          "type": "icon",
          "assetId": "J-sgqBUdDkTYr6",
          "checksum": "b3df28e8ea9d60c371b1a64e4e36492a"
        },
        {
          "type": "icon",
          "assetId": "3ar9r9vRElYiRQ",
          "checksum": "b2626a10ae6fb3eb7d5e292c6e078082"
        },
        {
          "type": "image",
          "assetId": "BshLJUFWS",
          "checksum": "970e37fe3eb919179b88efee06f3f30d"
        },
        {
          "type": "image",
          "assetId": "3Hrfti5F_",
          "checksum": "f429ae7524e6574c0c1b77dabbfe672e"
        },
        {
          "type": "renderModule",
          "assetId": "a5L6WWYHdIq",
          "checksum": "ffd34d0c86c627d24ddb9de3c86de5aa"
        },
        {
          "type": "cssRules",
          "assetId": "a5L6WWYHdIq",
          "checksum": "ffd34d0c86c627d24ddb9de3c86de5aa"
        },
        {
          "assetId": "f1ne6MHavnkqSCsUCdyQTF",
          "type": "projectCss",
          "checksum": "d3fde9f01400b621f5823dbeffa11e50"
        }
      ],
      "codegenVersion": "0.0.1"
    }
  ],
  "cliVersion": "0.1.186"
}
